PODS:
  - CocoaAsyncSocket (7.6.3)
  - Highlightr (2.1.0)
  - macOSThemeKit (1.4.0)

DEPENDENCIES:
  - CocoaAsyncSocket
  - Highlightr
  - macOSThemeKit (~> 1.4.0)

SPEC REPOS:
  https://github.com/CocoaPods/Specs.git:
    - CocoaAsyncSocket
    - Highlightr
  trunk:
    - macOSThemeKit

SPEC CHECKSUMS:
  CocoaAsyncSocket: eafaa68a7e0ec99ead0a7b35015e0bf25d2c8987
  Highlightr: 595f3e100737c8de41113385da8bd0b5b65212c6
  macOSThemeKit: 0701a657806c3d7c3ec7c528d4b9dfed2b17c321

PODFILE CHECKSUM: a22a817593ce95459c02c54b54b39cf1d977ed8b

COCOAPODS: 1.12.0
